
Microsoft Visual Studio Solution File, Format Version 12.00
# Visual Studio 15
VisualStudioVersion = 15.0.27703.2026
MinimumVisualStudioVersion = 10.0.40219.1
Project("{2150E333-8FDC-42A3-9474-1A3956D46DE8}") = "src", "src", "{F0E2CA02-5742-4504-B1BE-90FA7F841393}"
EndProject
Project("{2150E333-8FDC-42A3-9474-1A3956D46DE8}") = "test", "test", "{BE7F7219-C2B8-49F4-B13F-67A8044BDC53}"
EndProject
Project("{2150E333-8FDC-42A3-9474-1A3956D46DE8}") = "Services", "Services", "{107D2908-E752-47B5-9F86-AE1D68759607}"
EndProject
Project("{2150E333-8FDC-42A3-9474-1A3956D46DE8}") = "Clients", "Clients", "{E60AF155-2A01-47E7-A162-E9E239901F25}"
EndProject
Project("{2150E333-8FDC-42A3-9474-1A3956D46DE8}") = "Identity", "Identity", "{421940D4-F381-4DF1-9249-9DF37077DC20}"
EndProject
Project("{9A19103F-16F7-4668-BE54-9A1E7A4F7556}") = "Identity.API", "src\Services\Identity\Identity.API\Identity.API.csproj", "{0CC3EF6B-2EF9-4979-8E71-5D46335494F5}"
EndProject
Project("{2150E333-8FDC-42A3-9474-1A3956D46DE8}") = "Tags", "Tags", "{E657B299-385D-4D4C-AD2D-B1433B511071}"
EndProject
Project("{9A19103F-16F7-4668-BE54-9A1E7A4F7556}") = "Tags.API", "src\Services\Tags\src\Tags.API\Tags.API.csproj", "{5A31F610-F5ED-4A57-B071-614481DF43E4}"
EndProject
Project("{9A19103F-16F7-4668-BE54-9A1E7A4F7556}") = "Tags.Entities", "src\Services\Tags\src\Tags.Entities\Tags.Entities.csproj", "{D04AAF0A-8F70-4AEA-9232-B276F57517C8}"
EndProject
Project("{2150E333-8FDC-42A3-9474-1A3956D46DE8}") = "src", "src", "{024F0C99-C779-48C4-865E-B98F793B7334}"
EndProject
Project("{2150E333-8FDC-42A3-9474-1A3956D46DE8}") = "db", "db", "{846BE2A5-A041-4097-820D-45D118D9B5C0}"
	ProjectSection(SolutionItems) = preProject
		src\Services\Tags\db\Tags.db = src\Services\Tags\db\Tags.db
	EndProjectSection
EndProject
Project("{2150E333-8FDC-42A3-9474-1A3956D46DE8}") = "test", "test", "{2B0E6670-1385-41DF-A925-ED67E05AA127}"
EndProject
Project("{2150E333-8FDC-42A3-9474-1A3956D46DE8}") = "Integration", "Integration", "{579CD48C-7108-491A-9C55-3C7DE00E3228}"
EndProject
Project("{9A19103F-16F7-4668-BE54-9A1E7A4F7556}") = "Tags.Repository.Tests", "src\Services\Tags\test\Integration\Tags.Repository.Tests\Tags.Repository.Tests.csproj", "{BE6CD7DD-E59B-4E99-A21E-406891097249}"
EndProject
Project("{2150E333-8FDC-42A3-9474-1A3956D46DE8}") = "Locks", "Locks", "{501E765E-5043-42DE-B10C-941DBDD7ED4C}"
EndProject
Project("{2150E333-8FDC-42A3-9474-1A3956D46DE8}") = "Gateway", "Gateway", "{05B78A34-6E9A-4576-A7CB-51C90FE14909}"
EndProject
Project("{2150E333-8FDC-42A3-9474-1A3956D46DE8}") = "src", "src", "{7244A235-9C64-4C8B-BC54-301E490AFB74}"
EndProject
Project("{2150E333-8FDC-42A3-9474-1A3956D46DE8}") = "test", "test", "{05503553-C164-4929-AA43-B83DBCE3F543}"
EndProject
Project("{9A19103F-16F7-4668-BE54-9A1E7A4F7556}") = "Client", "src\Clients\Gateway\src\Client\Client.csproj", "{D06542A9-282E-46F1-9F12-6A3995F44965}"
EndProject
Project("{2150E333-8FDC-42A3-9474-1A3956D46DE8}") = "Integration", "Integration", "{321AA5DA-26EB-4A19-BF60-3B3E53108B6B}"
EndProject
Project("{9A19103F-16F7-4668-BE54-9A1E7A4F7556}") = "Client.Tests", "src\Clients\Gateway\test\Integration\Client.Tests\Client.Tests.csproj", "{7384D75E-46D2-4158-A02E-B2B82F0F2DC5}"
EndProject
Project("{2150E333-8FDC-42A3-9474-1A3956D46DE8}") = "db", "db", "{DED09AC1-82D5-47A4-904B-A3DA817727A9}"
	ProjectSection(SolutionItems) = preProject
		src\Services\Locks\db\Locks.db = src\Services\Locks\db\Locks.db
	EndProjectSection
EndProject
Project("{2150E333-8FDC-42A3-9474-1A3956D46DE8}") = "src", "src", "{2EC4F83B-38A2-4693-BC1B-53F1C3425D18}"
EndProject
Project("{2150E333-8FDC-42A3-9474-1A3956D46DE8}") = "test", "test", "{3EC56ABD-7A48-468D-9EC2-BAB5A3849968}"
EndProject
Project("{9A19103F-16F7-4668-BE54-9A1E7A4F7556}") = "Locks.API", "src\Services\Locks\src\Locks.API\Locks.API.csproj", "{C66580F7-8B11-4B0C-A3E9-2FF399B5E971}"
EndProject
Project("{9A19103F-16F7-4668-BE54-9A1E7A4F7556}") = "Locks.Entities", "src\Services\Locks\src\Locks.Entities\Locks.Entities.csproj", "{4A615873-89DB-4F87-9481-32D7B0E02369}"
EndProject
Project("{9A19103F-16F7-4668-BE54-9A1E7A4F7556}") = "Locks.Repository", "src\Services\Locks\src\Locks.Repositories\Locks.Repository.csproj", "{9E58FFCB-EF03-45A6-B985-C54D465BBD2A}"
EndProject
Project("{2150E333-8FDC-42A3-9474-1A3956D46DE8}") = "Integration", "Integration", "{4454419C-4F8A-4FF5-8E65-1BFB8505A1C6}"
EndProject
Project("{9A19103F-16F7-4668-BE54-9A1E7A4F7556}") = "Lock.Repository.Tests", "src\Services\Locks\test\Integration\Lock.Repository.Tests\Lock.Repository.Tests.csproj", "{754BC947-1E0B-40EF-BC14-304B9523253E}"
EndProject
Project("{2150E333-8FDC-42A3-9474-1A3956D46DE8}") = "EventAggregator", "EventAggregator", "{B3B3FD9E-BDE5-4E60-89AB-AC1599BF5C6A}"
EndProject
Project("{2150E333-8FDC-42A3-9474-1A3956D46DE8}") = "src", "src", "{DDFCFA17-B92D-427C-93E1-631799B7D083}"
EndProject
Project("{2150E333-8FDC-42A3-9474-1A3956D46DE8}") = "db", "db", "{6C7EF4DD-F367-4E8D-9251-A33251641F18}"
	ProjectSection(SolutionItems) = preProject
		src\Services\EventAggregator\db\Events.db = src\Services\EventAggregator\db\Events.db
	EndProjectSection
EndProject
Project("{2150E333-8FDC-42A3-9474-1A3956D46DE8}") = "test", "test", "{08FEE6C7-096B-41BC-8703-D9D58BBEB22B}"
EndProject
Project("{9A19103F-16F7-4668-BE54-9A1E7A4F7556}") = "EventAggregator.API", "src\Services\EventAggregator\src\EventAggregator.API\EventAggregator.API.csproj", "{43807D4F-E270-49C1-8682-8F288D301437}"
EndProject
Project("{9A19103F-16F7-4668-BE54-9A1E7A4F7556}") = "EventAggregator.EventConsuming", "src\Services\EventAggregator\src\EventAggregator.EventConsuming\EventAggregator.EventConsuming.csproj", "{3F0B4EDF-D88F-4967-A3CB-BA02491CD096}"
EndProject
Project("{9A19103F-16F7-4668-BE54-9A1E7A4F7556}") = "EventAggregator.Repository", "src\Services\EventAggregator\src\EventAggregator.Repository\EventAggregator.Repository.csproj", "{60E1AA81-3A91-4287-9E40-E002E7815259}"
EndProject
Project("{9A19103F-16F7-4668-BE54-9A1E7A4F7556}") = "EventAggregator.Entities", "src\Services\EventAggregator\src\EventAggregator.Entities\EventAggregator.Entities.csproj", "{D1AB8458-66CE-45F8-9E57-A44D6D154C3B}"
EndProject
Project("{2150E333-8FDC-42A3-9474-1A3956D46DE8}") = "Unit", "Unit", "{CF557AD1-8D9A-48F1-9679-D41F81EA0612}"
EndProject
Project("{FAE04EC0-301F-11D3-BF4B-00C04F79EFBC}") = "Locks.API.Tests", "src\Services\Locks\test\Unit\Locks.API.Tests\Locks.API.Tests.csproj", "{F7E77B3D-1E85-4A2C-A808-1EBF5A3976EB}"
EndProject
Project("{FAE04EC0-301F-11D3-BF4B-00C04F79EFBC}") = "Locks.EventPublishing", "src\Services\Locks\src\Locks.EventPublishing\Locks.EventPublishing.csproj", "{3AA39064-0088-40A5-B00E-B64A2DB57195}"
EndProject
Project("{2150E333-8FDC-42A3-9474-1A3956D46DE8}") = "Integration", "Integration", "{0529A990-A890-4B41-8F18-779A640A219D}"
EndProject
Project("{FAE04EC0-301F-11D3-BF4B-00C04F79EFBC}") = "Repository.Tests", "src\Services\EventAggregator\test\Integration\Repository.Tests\Repository.Tests.csproj", "{B22AEE71-12D6-4DD4-B1D2-9B1F8F10DA73}"
EndProject
Project("{9A19103F-16F7-4668-BE54-9A1E7A4F7556}") = "Tags.Repositories", "src\Services\Tags\src\Tags.Repositories\Tags.Repositories.csproj", "{59AA0C4A-30CA-4D7C-8313-F344024F4E9C}"
EndProject
Global
	GlobalSection(SolutionConfigurationPlatforms) = preSolution
		Debug|Any CPU = Debug|Any CPU
		Release|Any CPU = Release|Any CPU
	EndGlobalSection
	GlobalSection(ProjectConfigurationPlatforms) = postSolution
		{0CC3EF6B-2EF9-4979-8E71-5D46335494F5}.Debug|Any CPU.ActiveCfg = Debug|Any CPU
		{0CC3EF6B-2EF9-4979-8E71-5D46335494F5}.Debug|Any CPU.Build.0 = Debug|Any CPU
		{0CC3EF6B-2EF9-4979-8E71-5D46335494F5}.Release|Any CPU.ActiveCfg = Release|Any CPU
		{0CC3EF6B-2EF9-4979-8E71-5D46335494F5}.Release|Any CPU.Build.0 = Release|Any CPU
		{5A31F610-F5ED-4A57-B071-614481DF43E4}.Debug|Any CPU.ActiveCfg = Debug|Any CPU
		{5A31F610-F5ED-4A57-B071-614481DF43E4}.Debug|Any CPU.Build.0 = Debug|Any CPU
		{5A31F610-F5ED-4A57-B071-614481DF43E4}.Release|Any CPU.ActiveCfg = Release|Any CPU
		{5A31F610-F5ED-4A57-B071-614481DF43E4}.Release|Any CPU.Build.0 = Release|Any CPU
		{D04AAF0A-8F70-4AEA-9232-B276F57517C8}.Debug|Any CPU.ActiveCfg = Debug|Any CPU
		{D04AAF0A-8F70-4AEA-9232-B276F57517C8}.Debug|Any CPU.Build.0 = Debug|Any CPU
		{D04AAF0A-8F70-4AEA-9232-B276F57517C8}.Release|Any CPU.ActiveCfg = Release|Any CPU
		{D04AAF0A-8F70-4AEA-9232-B276F57517C8}.Release|Any CPU.Build.0 = Release|Any CPU
		{BE6CD7DD-E59B-4E99-A21E-406891097249}.Debug|Any CPU.ActiveCfg = Debug|Any CPU
		{BE6CD7DD-E59B-4E99-A21E-406891097249}.Debug|Any CPU.Build.0 = Debug|Any CPU
		{BE6CD7DD-E59B-4E99-A21E-406891097249}.Release|Any CPU.ActiveCfg = Release|Any CPU
		{BE6CD7DD-E59B-4E99-A21E-406891097249}.Release|Any CPU.Build.0 = Release|Any CPU
		{D06542A9-282E-46F1-9F12-6A3995F44965}.Debug|Any CPU.ActiveCfg = Debug|Any CPU
		{D06542A9-282E-46F1-9F12-6A3995F44965}.Debug|Any CPU.Build.0 = Debug|Any CPU
		{D06542A9-282E-46F1-9F12-6A3995F44965}.Release|Any CPU.ActiveCfg = Release|Any CPU
		{D06542A9-282E-46F1-9F12-6A3995F44965}.Release|Any CPU.Build.0 = Release|Any CPU
		{7384D75E-46D2-4158-A02E-B2B82F0F2DC5}.Debug|Any CPU.ActiveCfg = Debug|Any CPU
		{7384D75E-46D2-4158-A02E-B2B82F0F2DC5}.Debug|Any CPU.Build.0 = Debug|Any CPU
		{7384D75E-46D2-4158-A02E-B2B82F0F2DC5}.Release|Any CPU.ActiveCfg = Release|Any CPU
		{7384D75E-46D2-4158-A02E-B2B82F0F2DC5}.Release|Any CPU.Build.0 = Release|Any CPU
		{C66580F7-8B11-4B0C-A3E9-2FF399B5E971}.Debug|Any CPU.ActiveCfg = Debug|Any CPU
		{C66580F7-8B11-4B0C-A3E9-2FF399B5E971}.Debug|Any CPU.Build.0 = Debug|Any CPU
		{C66580F7-8B11-4B0C-A3E9-2FF399B5E971}.Release|Any CPU.ActiveCfg = Release|Any CPU
		{C66580F7-8B11-4B0C-A3E9-2FF399B5E971}.Release|Any CPU.Build.0 = Release|Any CPU
		{4A615873-89DB-4F87-9481-32D7B0E02369}.Debug|Any CPU.ActiveCfg = Debug|Any CPU
		{4A615873-89DB-4F87-9481-32D7B0E02369}.Debug|Any CPU.Build.0 = Debug|Any CPU
		{4A615873-89DB-4F87-9481-32D7B0E02369}.Release|Any CPU.ActiveCfg = Release|Any CPU
		{4A615873-89DB-4F87-9481-32D7B0E02369}.Release|Any CPU.Build.0 = Release|Any CPU
		{9E58FFCB-EF03-45A6-B985-C54D465BBD2A}.Debug|Any CPU.ActiveCfg = Debug|Any CPU
		{9E58FFCB-EF03-45A6-B985-C54D465BBD2A}.Debug|Any CPU.Build.0 = Debug|Any CPU
		{9E58FFCB-EF03-45A6-B985-C54D465BBD2A}.Release|Any CPU.ActiveCfg = Release|Any CPU
		{9E58FFCB-EF03-45A6-B985-C54D465BBD2A}.Release|Any CPU.Build.0 = Release|Any CPU
		{754BC947-1E0B-40EF-BC14-304B9523253E}.Debug|Any CPU.ActiveCfg = Debug|Any CPU
		{754BC947-1E0B-40EF-BC14-304B9523253E}.Debug|Any CPU.Build.0 = Debug|Any CPU
		{754BC947-1E0B-40EF-BC14-304B9523253E}.Release|Any CPU.ActiveCfg = Release|Any CPU
		{754BC947-1E0B-40EF-BC14-304B9523253E}.Release|Any CPU.Build.0 = Release|Any CPU
		{43807D4F-E270-49C1-8682-8F288D301437}.Debug|Any CPU.ActiveCfg = Debug|Any CPU
		{43807D4F-E270-49C1-8682-8F288D301437}.Debug|Any CPU.Build.0 = Debug|Any CPU
		{43807D4F-E270-49C1-8682-8F288D301437}.Release|Any CPU.ActiveCfg = Release|Any CPU
		{43807D4F-E270-49C1-8682-8F288D301437}.Release|Any CPU.Build.0 = Release|Any CPU
		{3F0B4EDF-D88F-4967-A3CB-BA02491CD096}.Debug|Any CPU.ActiveCfg = Debug|Any CPU
		{3F0B4EDF-D88F-4967-A3CB-BA02491CD096}.Debug|Any CPU.Build.0 = Debug|Any CPU
		{3F0B4EDF-D88F-4967-A3CB-BA02491CD096}.Release|Any CPU.ActiveCfg = Release|Any CPU
		{3F0B4EDF-D88F-4967-A3CB-BA02491CD096}.Release|Any CPU.Build.0 = Release|Any CPU
		{60E1AA81-3A91-4287-9E40-E002E7815259}.Debug|Any CPU.ActiveCfg = Debug|Any CPU
		{60E1AA81-3A91-4287-9E40-E002E7815259}.Debug|Any CPU.Build.0 = Debug|Any CPU
		{60E1AA81-3A91-4287-9E40-E002E7815259}.Release|Any CPU.ActiveCfg = Release|Any CPU
		{60E1AA81-3A91-4287-9E40-E002E7815259}.Release|Any CPU.Build.0 = Release|Any CPU
		{D1AB8458-66CE-45F8-9E57-A44D6D154C3B}.Debug|Any CPU.ActiveCfg = Debug|Any CPU
		{D1AB8458-66CE-45F8-9E57-A44D6D154C3B}.Debug|Any CPU.Build.0 = Debug|Any CPU
		{D1AB8458-66CE-45F8-9E57-A44D6D154C3B}.Release|Any CPU.ActiveCfg = Release|Any CPU
		{D1AB8458-66CE-45F8-9E57-A44D6D154C3B}.Release|Any CPU.Build.0 = Release|Any CPU
		{F7E77B3D-1E85-4A2C-A808-1EBF5A3976EB}.Debug|Any CPU.ActiveCfg = Debug|Any CPU
		{F7E77B3D-1E85-4A2C-A808-1EBF5A3976EB}.Debug|Any CPU.Build.0 = Debug|Any CPU
		{F7E77B3D-1E85-4A2C-A808-1EBF5A3976EB}.Release|Any CPU.ActiveCfg = Release|Any CPU
		{F7E77B3D-1E85-4A2C-A808-1EBF5A3976EB}.Release|Any CPU.Build.0 = Release|Any CPU
		{3AA39064-0088-40A5-B00E-B64A2DB57195}.Debug|Any CPU.ActiveCfg = Debug|Any CPU
		{3AA39064-0088-40A5-B00E-B64A2DB57195}.Debug|Any CPU.Build.0 = Debug|Any CPU
		{3AA39064-0088-40A5-B00E-B64A2DB57195}.Release|Any CPU.ActiveCfg = Release|Any CPU
		{3AA39064-0088-40A5-B00E-B64A2DB57195}.Release|Any CPU.Build.0 = Release|Any CPU
		{B22AEE71-12D6-4DD4-B1D2-9B1F8F10DA73}.Debug|Any CPU.ActiveCfg = Debug|Any CPU
		{B22AEE71-12D6-4DD4-B1D2-9B1F8F10DA73}.Debug|Any CPU.Build.0 = Debug|Any CPU
		{B22AEE71-12D6-4DD4-B1D2-9B1F8F10DA73}.Release|Any CPU.ActiveCfg = Release|Any CPU
		{B22AEE71-12D6-4DD4-B1D2-9B1F8F10DA73}.Release|Any CPU.Build.0 = Release|Any CPU
		{59AA0C4A-30CA-4D7C-8313-F344024F4E9C}.Debug|Any CPU.ActiveCfg = Debug|Any CPU
		{59AA0C4A-30CA-4D7C-8313-F344024F4E9C}.Debug|Any CPU.Build.0 = Debug|Any CPU
		{59AA0C4A-30CA-4D7C-8313-F344024F4E9C}.Release|Any CPU.ActiveCfg = Release|Any CPU
		{59AA0C4A-30CA-4D7C-8313-F344024F4E9C}.Release|Any CPU.Build.0 = Release|Any CPU
	EndGlobalSection
	GlobalSection(SolutionProperties) = preSolution
		HideSolutionNode = FALSE
	EndGlobalSection
	GlobalSection(NestedProjects) = preSolution
		{107D2908-E752-47B5-9F86-AE1D68759607} = {F0E2CA02-5742-4504-B1BE-90FA7F841393}
		{E60AF155-2A01-47E7-A162-E9E239901F25} = {F0E2CA02-5742-4504-B1BE-90FA7F841393}
		{421940D4-F381-4DF1-9249-9DF37077DC20} = {107D2908-E752-47B5-9F86-AE1D68759607}
		{0CC3EF6B-2EF9-4979-8E71-5D46335494F5} = {421940D4-F381-4DF1-9249-9DF37077DC20}
		{E657B299-385D-4D4C-AD2D-B1433B511071} = {107D2908-E752-47B5-9F86-AE1D68759607}
		{5A31F610-F5ED-4A57-B071-614481DF43E4} = {024F0C99-C779-48C4-865E-B98F793B7334}
		{D04AAF0A-8F70-4AEA-9232-B276F57517C8} = {024F0C99-C779-48C4-865E-B98F793B7334}
		{024F0C99-C779-48C4-865E-B98F793B7334} = {E657B299-385D-4D4C-AD2D-B1433B511071}
		{846BE2A5-A041-4097-820D-45D118D9B5C0} = {E657B299-385D-4D4C-AD2D-B1433B511071}
		{2B0E6670-1385-41DF-A925-ED67E05AA127} = {E657B299-385D-4D4C-AD2D-B1433B511071}
		{579CD48C-7108-491A-9C55-3C7DE00E3228} = {2B0E6670-1385-41DF-A925-ED67E05AA127}
		{BE6CD7DD-E59B-4E99-A21E-406891097249} = {579CD48C-7108-491A-9C55-3C7DE00E3228}
		{501E765E-5043-42DE-B10C-941DBDD7ED4C} = {107D2908-E752-47B5-9F86-AE1D68759607}
		{05B78A34-6E9A-4576-A7CB-51C90FE14909} = {E60AF155-2A01-47E7-A162-E9E239901F25}
		{7244A235-9C64-4C8B-BC54-301E490AFB74} = {05B78A34-6E9A-4576-A7CB-51C90FE14909}
		{05503553-C164-4929-AA43-B83DBCE3F543} = {05B78A34-6E9A-4576-A7CB-51C90FE14909}
		{D06542A9-282E-46F1-9F12-6A3995F44965} = {7244A235-9C64-4C8B-BC54-301E490AFB74}
		{321AA5DA-26EB-4A19-BF60-3B3E53108B6B} = {05503553-C164-4929-AA43-B83DBCE3F543}
		{7384D75E-46D2-4158-A02E-B2B82F0F2DC5} = {321AA5DA-26EB-4A19-BF60-3B3E53108B6B}
		{DED09AC1-82D5-47A4-904B-A3DA817727A9} = {501E765E-5043-42DE-B10C-941DBDD7ED4C}
		{2EC4F83B-38A2-4693-BC1B-53F1C3425D18} = {501E765E-5043-42DE-B10C-941DBDD7ED4C}
		{3EC56ABD-7A48-468D-9EC2-BAB5A3849968} = {501E765E-5043-42DE-B10C-941DBDD7ED4C}
		{C66580F7-8B11-4B0C-A3E9-2FF399B5E971} = {2EC4F83B-38A2-4693-BC1B-53F1C3425D18}
		{4A615873-89DB-4F87-9481-32D7B0E02369} = {2EC4F83B-38A2-4693-BC1B-53F1C3425D18}
		{9E58FFCB-EF03-45A6-B985-C54D465BBD2A} = {2EC4F83B-38A2-4693-BC1B-53F1C3425D18}
		{4454419C-4F8A-4FF5-8E65-1BFB8505A1C6} = {3EC56ABD-7A48-468D-9EC2-BAB5A3849968}
		{754BC947-1E0B-40EF-BC14-304B9523253E} = {4454419C-4F8A-4FF5-8E65-1BFB8505A1C6}
		{B3B3FD9E-BDE5-4E60-89AB-AC1599BF5C6A} = {107D2908-E752-47B5-9F86-AE1D68759607}
		{DDFCFA17-B92D-427C-93E1-631799B7D083} = {B3B3FD9E-BDE5-4E60-89AB-AC1599BF5C6A}
		{6C7EF4DD-F367-4E8D-9251-A33251641F18} = {B3B3FD9E-BDE5-4E60-89AB-AC1599BF5C6A}
		{08FEE6C7-096B-41BC-8703-D9D58BBEB22B} = {B3B3FD9E-BDE5-4E60-89AB-AC1599BF5C6A}
		{43807D4F-E270-49C1-8682-8F288D301437} = {DDFCFA17-B92D-427C-93E1-631799B7D083}
		{3F0B4EDF-D88F-4967-A3CB-BA02491CD096} = {DDFCFA17-B92D-427C-93E1-631799B7D083}
		{60E1AA81-3A91-4287-9E40-E002E7815259} = {DDFCFA17-B92D-427C-93E1-631799B7D083}
		{D1AB8458-66CE-45F8-9E57-A44D6D154C3B} = {DDFCFA17-B92D-427C-93E1-631799B7D083}
		{CF557AD1-8D9A-48F1-9679-D41F81EA0612} = {3EC56ABD-7A48-468D-9EC2-BAB5A3849968}
		{F7E77B3D-1E85-4A2C-A808-1EBF5A3976EB} = {CF557AD1-8D9A-48F1-9679-D41F81EA0612}
		{3AA39064-0088-40A5-B00E-B64A2DB57195} = {2EC4F83B-38A2-4693-BC1B-53F1C3425D18}
		{0529A990-A890-4B41-8F18-779A640A219D} = {08FEE6C7-096B-41BC-8703-D9D58BBEB22B}
		{B22AEE71-12D6-4DD4-B1D2-9B1F8F10DA73} = {0529A990-A890-4B41-8F18-779A640A219D}
		{59AA0C4A-30CA-4D7C-8313-F344024F4E9C} = {024F0C99-C779-48C4-865E-B98F793B7334}
	EndGlobalSection
	GlobalSection(ExtensibilityGlobals) = postSolution
		SolutionGuid = {4209897D-FC5A-4647-BFBC-C72171C93E31}
	EndGlobalSection
EndGlobal
